
Microsoft Visual Studio Solution File, Format Version 12.00
# Visual Studio Version 17
VisualStudioVersion = 17.0.32014.148
MinimumVisualStudioVersion = 10.0.40219.1
Project("{9A19103F-16F7-4668-BE54-9A1E7A4F7556}") = "AutomationAssignment", "AutomationAssignment.csproj", "{237FFCCE-87FD-4E9C-966D-BFA4E1C465BD}"
EndProject
Global
	GlobalSection(SolutionConfigurationPlatforms) = preSolution
		Debug|Any CPU = Debug|Any CPU
		Release|Any CPU = Release|Any CPU
	EndGlobalSection
	GlobalSection(ProjectConfigurationPlatforms) = postSolution
		{237FFCCE-87FD-4E9C-966D-BFA4E1C465BD}.Debug|Any CPU.ActiveCfg = Debug|Any CPU
		{237FFCCE-87FD-4E9C-966D-BFA4E1C465BD}.Debug|Any CPU.Build.0 = Debug|Any CPU
		{237FFCCE-87FD-4E9C-966D-BFA4E1C465BD}.Release|Any CPU.ActiveCfg = Release|Any CPU
		{237FFCCE-87FD-4E9C-966D-BFA4E1C465BD}.Release|Any CPU.Build.0 = Release|Any CPU
	EndGlobalSection
	GlobalSection(SolutionProperties) = preSolution
		HideSolutionNode = FALSE
	EndGlobalSection
	GlobalSection(ExtensibilityGlobals) = postSolution
		SolutionGuid = {5DCA68A4-34C0-4FD9-8E0B-2C6A0C9C4461}
	EndGlobalSection
EndGlobal
